
Microsoft Visual Studio Solution File, Format Version 12.00
# Visual Studio Version 17
VisualStudioVersion = 17.11.35312.102
MinimumVisualStudioVersion = 10.0.40219.1
Project("{FAE04EC0-301F-11D3-BF4B-00C04F79EFBC}") = "CSBasics", "CSBasics\CSBasics.csproj", "{EFDC9002-717B-4497-820E-CB6C9BED984F}"
EndProject
Global
	GlobalSection(SolutionConfigurationPlatforms) = preSolution
		Debug|Any CPU = Debug|Any CPU
		Release|Any CPU = Release|Any CPU
	EndGlobalSection
	GlobalSection(ProjectConfigurationPlatforms) = postSolution
		{EFDC9002-717B-4497-820E-CB6C9BED984F}.Debug|Any CPU.ActiveCfg = Debug|Any CPU
		{EFDC9002-717B-4497-820E-CB6C9BED984F}.Debug|Any CPU.Build.0 = Debug|Any CPU
		{EFDC9002-717B-4497-820E-CB6C9BED984F}.Release|Any CPU.ActiveCfg = Release|Any CPU
		{EFDC9002-717B-4497-820E-CB6C9BED984F}.Release|Any CPU.Build.0 = Release|Any CPU
	EndGlobalSection
	GlobalSection(SolutionProperties) = preSolution
		HideSolutionNode = FALSE
	EndGlobalSection
	GlobalSection(ExtensibilityGlobals) = postSolution
		SolutionGuid = {762E303B-8600-4F50-8808-B149A2F14ED3}
	EndGlobalSection
EndGlobal
